
Microsoft Visual Studio Solution File, Format Version 12.00
# Visual Studio Version 17
VisualStudioVersion = 17.0.32112.339
MinimumVisualStudioVersion = 10.0.40219.1
Project("{FAE04EC0-301F-11D3-BF4B-00C04F79EFBC}") = "BasicCrudWithAuth", "BasicCrudWithAuth\BasicCrudWithAuth.csproj", "{8B9CE10C-2EEB-42BA-BBB9-C9203F5088AD}"
EndProject
Project("{FAE04EC0-301F-11D3-BF4B-00C04F79EFBC}") = "CoreObject", "CoreObject\CoreObject.csproj", "{AB8884C7-942A-4B09-B9CC-5B86B5F8B550}"
EndProject
Project("{FAE04EC0-301F-11D3-BF4B-00C04F79EFBC}") = "BusinessCore", "BusinessCore\BusinessCore.csproj", "{EED5DCB1-1117-46FE-ACFD-59FACD4213E1}"
EndProject
Global
	GlobalSection(SolutionConfigurationPlatforms) = preSolution
		Debug|Any CPU = Debug|Any CPU
		Release|Any CPU = Release|Any CPU
	EndGlobalSection
	GlobalSection(ProjectConfigurationPlatforms) = postSolution
		{8B9CE10C-2EEB-42BA-BBB9-C9203F5088AD}.Debug|Any CPU.ActiveCfg = Debug|Any CPU
		{8B9CE10C-2EEB-42BA-BBB9-C9203F5088AD}.Debug|Any CPU.Build.0 = Debug|Any CPU
		{8B9CE10C-2EEB-42BA-BBB9-C9203F5088AD}.Release|Any CPU.ActiveCfg = Release|Any CPU
		{8B9CE10C-2EEB-42BA-BBB9-C9203F5088AD}.Release|Any CPU.Build.0 = Release|Any CPU
		{AB8884C7-942A-4B09-B9CC-5B86B5F8B550}.Debug|Any CPU.ActiveCfg = Debug|Any CPU
		{AB8884C7-942A-4B09-B9CC-5B86B5F8B550}.Debug|Any CPU.Build.0 = Debug|Any CPU
		{AB8884C7-942A-4B09-B9CC-5B86B5F8B550}.Release|Any CPU.ActiveCfg = Release|Any CPU
		{AB8884C7-942A-4B09-B9CC-5B86B5F8B550}.Release|Any CPU.Build.0 = Release|Any CPU
		{EED5DCB1-1117-46FE-ACFD-59FACD4213E1}.Debug|Any CPU.ActiveCfg = Debug|Any CPU
		{EED5DCB1-1117-46FE-ACFD-59FACD4213E1}.Debug|Any CPU.Build.0 = Debug|Any CPU
		{EED5DCB1-1117-46FE-ACFD-59FACD4213E1}.Release|Any CPU.ActiveCfg = Release|Any CPU
		{EED5DCB1-1117-46FE-ACFD-59FACD4213E1}.Release|Any CPU.Build.0 = Release|Any CPU
	EndGlobalSection
	GlobalSection(SolutionProperties) = preSolution
		HideSolutionNode = FALSE
	EndGlobalSection
	GlobalSection(ExtensibilityGlobals) = postSolution
		SolutionGuid = {49773520-71A9-4E42-941F-43B09938C501}
	EndGlobalSection
EndGlobal
